
Microsoft Visual Studio Solution File, Format Version 12.00
# Visual Studio Version 17
VisualStudioVersion = 17.3.32825.248
MinimumVisualStudioVersion = 10.0.40219.1
Project("{FAE04EC0-301F-11D3-BF4B-00C04F79EFBC}") = "MobileStats_WebAPIs", "MobileStats_WebAPIs.csproj", "{2FDEB4E9-2E6E-47CA-AE3A-5140C8D2E2FE}"
EndProject
Global
	GlobalSection(SolutionConfigurationPlatforms) = preSolution
		Debug|Any CPU = Debug|Any CPU
		Release|Any CPU = Release|Any CPU
	EndGlobalSection
	GlobalSection(ProjectConfigurationPlatforms) = postSolution
		{2FDEB4E9-2E6E-47CA-AE3A-5140C8D2E2FE}.Debug|Any CPU.ActiveCfg = Debug|Any CPU
		{2FDEB4E9-2E6E-47CA-AE3A-5140C8D2E2FE}.Debug|Any CPU.Build.0 = Debug|Any CPU
		{2FDEB4E9-2E6E-47CA-AE3A-5140C8D2E2FE}.Release|Any CPU.ActiveCfg = Release|Any CPU
		{2FDEB4E9-2E6E-47CA-AE3A-5140C8D2E2FE}.Release|Any CPU.Build.0 = Release|Any CPU
	EndGlobalSection
	GlobalSection(SolutionProperties) = preSolution
		HideSolutionNode = FALSE
	EndGlobalSection
	GlobalSection(ExtensibilityGlobals) = postSolution
		SolutionGuid = {20ED2231-EA16-4D37-80C8-B46F893B5C0F}
	EndGlobalSection
EndGlobal
